
Microsoft Visual Studio Solution File, Format Version 12.00
# Visual Studio Version 16
VisualStudioVersion = 16.0.30804.86
MinimumVisualStudioVersion = 10.0.40219.1
Project("{FAE04EC0-301F-11D3-BF4B-00C04F79EFBC}") = "ZadaciVezba", "ZadaciVezba\ZadaciVezba.csproj", "{DECD7A1E-BFB7-4EFD-A3A0-1ABAAD0AA9D2}"
EndProject
Global
	GlobalSection(SolutionConfigurationPlatforms) = preSolution
		Debug|Any CPU = Debug|Any CPU
		Release|Any CPU = Release|Any CPU
	EndGlobalSection
	GlobalSection(ProjectConfigurationPlatforms) = postSolution
		{DECD7A1E-BFB7-4EFD-A3A0-1ABAAD0AA9D2}.Debug|Any CPU.ActiveCfg = Debug|Any CPU
		{DECD7A1E-BFB7-4EFD-A3A0-1ABAAD0AA9D2}.Debug|Any CPU.Build.0 = Debug|Any CPU
		{DECD7A1E-BFB7-4EFD-A3A0-1ABAAD0AA9D2}.Release|Any CPU.ActiveCfg = Release|Any CPU
		{DECD7A1E-BFB7-4EFD-A3A0-1ABAAD0AA9D2}.Release|Any CPU.Build.0 = Release|Any CPU
	EndGlobalSection
	GlobalSection(SolutionProperties) = preSolution
		HideSolutionNode = FALSE
	EndGlobalSection
	GlobalSection(ExtensibilityGlobals) = postSolution
		SolutionGuid = {940D2189-D131-48BD-9AFC-982967588A6A}
	EndGlobalSection
EndGlobal
